// !$*UTF8*$!
{
	archiveVersion = 1;
	classes = {
	};
	objectVersion = 51;
	objects = {

/* Begin PBXBuildFile section */
		013387E96112204F8302197F /* Pods_Request_Exchange_Request_ExchangeUITests.framework in Frameworks */ = {isa = PBXBuildFile; fileRef = 06C18CC28A287921FFF48E5D /* Pods_Request_Exchange_Request_ExchangeUITests.framework */; };
		5B6FC58025CF738D001E66B2 /* RequestV2.swift in Sources */ = {isa = PBXBuildFile; fileRef = 5B6FC57F25CF738D001E66B2 /* RequestV2.swift */; };
		5B6FC58925CF910B001E66B2 /* UserDefault.swift in Sources */ = {isa = PBXBuildFile; fileRef = 5B6FC58825CF910B001E66B2 /* UserDefault.swift */; };
		5B6FC59125CF911A001E66B2 /* UserManager.swift in Sources */ = {isa = PBXBuildFile; fileRef = 5B6FC59025CF911A001E66B2 /* UserManager.swift */; };
		5B6FC59725CF941B001E66B2 /* ContentType.swift in Sources */ = {isa = PBXBuildFile; fileRef = 5B6FC59625CF941B001E66B2 /* ContentType.swift */; };
		5B6FC59F25CF944A001E66B2 /* APIManager.swift in Sources */ = {isa = PBXBuildFile; fileRef = 5B6FC59E25CF944A001E66B2 /* APIManager.swift */; };
		5B6FC5A425CF947D001E66B2 /* Others.swift in Sources */ = {isa = PBXBuildFile; fileRef = 5B6FC5A325CF947D001E66B2 /* Others.swift */; };
		5B6FC5A925D02F2C001E66B2 /* CostcoAPIEngineV2.swift in Sources */ = {isa = PBXBuildFile; fileRef = 5B6FC5A825D02F2C001E66B2 /* CostcoAPIEngineV2.swift */; };
		5B6FC5B125D04A17001E66B2 /* RequestV3.swift in Sources */ = {isa = PBXBuildFile; fileRef = 5B6FC5B025D04A17001E66B2 /* RequestV3.swift */; };
		5B6FC5BA25D04B24001E66B2 /* Decision.swift in Sources */ = {isa = PBXBuildFile; fileRef = 5B6FC5B925D04B24001E66B2 /* Decision.swift */; };
		5B838AA025CED80E0025DD10 /* AppDelegate.swift in Sources */ = {isa = PBXBuildFile; fileRef = 5B838A9F25CED80E0025DD10 /* AppDelegate.swift */; };
		5B838AA225CED80E0025DD10 /* SceneDelegate.swift in Sources */ = {isa = PBXBuildFile; fileRef = 5B838AA125CED80E0025DD10 /* SceneDelegate.swift */; };
		5B838AA425CED80E0025DD10 /* ViewController.swift in Sources */ = {isa = PBXBuildFile; fileRef = 5B838AA325CED80E0025DD10 /* ViewController.swift */; };
		5B838AA725CED80E0025DD10 /* Main.storyboard in Resources */ = {isa = PBXBuildFile; fileRef = 5B838AA525CED80E0025DD10 /* Main.storyboard */; };
		5B838AA925CED80F0025DD10 /* Assets.xcassets in Resources */ = {isa = PBXBuildFile; fileRef = 5B838AA825CED80F0025DD10 /* Assets.xcassets */; };
		5B838AAC25CED80F0025DD10 /* LaunchScreen.storyboard in Resources */ = {isa = PBXBuildFile; fileRef = 5B838AAA25CED80F0025DD10 /* LaunchScreen.storyboard */; };
		5B838AB725CED80F0025DD10 /* Request_ExchangeTests.swift in Sources */ = {isa = PBXBuildFile; fileRef = 5B838AB625CED80F0025DD10 /* Request_ExchangeTests.swift */; };
		5B838AC225CED80F0025DD10 /* Request_ExchangeUITests.swift in Sources */ = {isa = PBXBuildFile; fileRef = 5B838AC125CED80F0025DD10 /* Request_ExchangeUITests.swift */; };
		5B838AE425CED9080025DD10 /* Request.swift in Sources */ = {isa = PBXBuildFile; fileRef = 5B838AE325CED9080025DD10 /* Request.swift */; };
		A136FF0BC448EA2879238022 /* Pods_Request_Exchange.framework in Frameworks */ = {isa = PBXBuildFile; fileRef = DBAA8D07A0EB2380357D6BC4 /* Pods_Request_Exchange.framework */; };
		EAB1CCB85304613FEB822811 /* Pods_Request_ExchangeTests.framework in Frameworks */ = {isa = PBXBuildFile; fileRef = 3879C2C218F5679CCF49C30F /* Pods_Request_ExchangeTests.framework */; };
/* End PBXBuildFile section */

/* Begin PBXContainerItemProxy section */
		5B838AB325CED80F0025DD10 /* PBXContainerItemProxy */ = {
			isa = PBXContainerItemProxy;
			containerPortal = 5B838A9425CED80E0025DD10 /* Project object */;
			proxyType = 1;
			remoteGlobalIDString = 5B838A9B25CED80E0025DD10;
			remoteInfo = Request_Exchange;
		};
		5B838ABE25CED80F0025DD10 /* PBXContainerItemProxy */ = {
			isa = PBXContainerItemProxy;
			containerPortal = 5B838A9425CED80E0025DD10 /* Project object */;
			proxyType = 1;
			remoteGlobalIDString = 5B838A9B25CED80E0025DD10;
			remoteInfo = Request_Exchange;
		};
/* End PBXContainerItemProxy section */

/* Begin PBXFileReference section */
		06C18CC28A287921FFF48E5D /* Pods_Request_Exchange_Request_ExchangeUITests.framework */ = {isa = PBXFileReference; explicitFileType = wrapper.framework; includeInIndex = 0; path = Pods_Request_Exchange_Request_ExchangeUITests.framework; sourceTree = BUILT_PRODUCTS_DIR; };
		3879C2C218F5679CCF49C30F /* Pods_Request_ExchangeTests.framework */ = {isa = PBXFileReference; explicitFileType = wrapper.framework; includeInIndex = 0; path = Pods_Request_ExchangeTests.framework; sourceTree = BUILT_PRODUCTS_DIR; };
		489AD4402D07D9C4A1D39510 /* Pods-Request_ExchangeTests.release.xcconfig */ = {isa = PBXFileReference; includeInIndex = 1; lastKnownFileType = text.xcconfig; name = "Pods-Request_ExchangeTests.release.xcconfig"; path = "Target Support Files/Pods-Request_ExchangeTests/Pods-Request_ExchangeTests.release.xcconfig"; sourceTree = "<group>"; };
		5B6FC57F25CF738D001E66B2 /* RequestV2.swift */ = {isa = PBXFileReference; lastKnownFileType = sourcecode.swift; path = RequestV2.swift; sourceTree = "<group>"; };
		5B6FC58825CF910B001E66B2 /* UserDefault.swift */ = {isa = PBXFileReference; lastKnownFileType = sourcecode.swift; path = UserDefault.swift; sourceTree = "<group>"; };
		5B6FC59025CF911A001E66B2 /* UserManager.swift */ = {isa = PBXFileReference; lastKnownFileType = sourcecode.swift; path = UserManager.swift; sourceTree = "<group>"; };
		5B6FC59625CF941B001E66B2 /* ContentType.swift */ = {isa = PBXFileReference; lastKnownFileType = sourcecode.swift; path = ContentType.swift; sourceTree = "<group>"; };
		5B6FC59E25CF944A001E66B2 /* APIManager.swift */ = {isa = PBXFileReference; lastKnownFileType = sourcecode.swift; path = APIManager.swift; sourceTree = "<group>"; };
		5B6FC5A325CF947D001E66B2 /* Others.swift */ = {isa = PBXFileReference; lastKnownFileType = sourcecode.swift; path = Others.swift; sourceTree = "<group>"; };
		5B6FC5A825D02F2C001E66B2 /* CostcoAPIEngineV2.swift */ = {isa = PBXFileReference; lastKnownFileType = sourcecode.swift; path = CostcoAPIEngineV2.swift; sourceTree = "<group>"; };
		5B6FC5B025D04A17001E66B2 /* RequestV3.swift */ = {isa = PBXFileReference; lastKnownFileType = sourcecode.swift; path = RequestV3.swift; sourceTree = "<group>"; };
		5B6FC5B925D04B24001E66B2 /* Decision.swift */ = {isa = PBXFileReference; lastKnownFileType = sourcecode.swift; path = Decision.swift; sourceTree = "<group>"; };
		5B838A9C25CED80E0025DD10 /* Request_Exchange.app */ = {isa = PBXFileReference; explicitFileType = wrapper.application; includeInIndex = 0; path = Request_Exchange.app; sourceTree = BUILT_PRODUCTS_DIR; };
		5B838A9F25CED80E0025DD10 /* AppDelegate.swift */ = {isa = PBXFileReference; lastKnownFileType = sourcecode.swift; path = AppDelegate.swift; sourceTree = "<group>"; };
		5B838AA125CED80E0025DD10 /* SceneDelegate.swift */ = {isa = PBXFileReference; lastKnownFileType = sourcecode.swift; path = SceneDelegate.swift; sourceTree = "<group>"; };
		5B838AA325CED80E0025DD10 /* ViewController.swift */ = {isa = PBXFileReference; lastKnownFileType = sourcecode.swift; path = ViewController.swift; sourceTree = "<group>"; };
		5B838AA625CED80E0025DD10 /* Base */ = {isa = PBXFileReference; lastKnownFileType = file.storyboard; name = Base; path = Base.lproj/Main.storyboard; sourceTree = "<group>"; };
		5B838AA825CED80F0025DD10 /* Assets.xcassets */ = {isa = PBXFileReference; lastKnownFileType = folder.assetcatalog; path = Assets.xcassets; sourceTree = "<group>"; };
		5B838AAB25CED80F0025DD10 /* Base */ = {isa = PBXFileReference; lastKnownFileType = file.storyboard; name = Base; path = Base.lproj/LaunchScreen.storyboard; sourceTree = "<group>"; };
		5B838AAD25CED80F0025DD10 /* Info.plist */ = {isa = PBXFileReference; lastKnownFileType = text.plist.xml; path = Info.plist; sourceTree = "<group>"; };
		5B838AB225CED80F0025DD10 /* Request_ExchangeTests.xctest */ = {isa = PBXFileReference; explicitFileType = wrapper.cfbundle; includeInIndex = 0; path = Request_ExchangeTests.xctest; sourceTree = BUILT_PRODUCTS_DIR; };
		5B838AB625CED80F0025DD10 /* Request_ExchangeTests.swift */ = {isa = PBXFileReference; lastKnownFileType = sourcecode.swift; path = Request_ExchangeTests.swift; sourceTree = "<group>"; };
		5B838AB825CED80F0025DD10 /* Info.plist */ = {isa = PBXFileReference; lastKnownFileType = text.plist.xml; path = Info.plist; sourceTree = "<group>"; };
		5B838ABD25CED80F0025DD10 /* Request_ExchangeUITests.xctest */ = {isa = PBXFileReference; explicitFileType = wrapper.cfbundle; includeInIndex = 0; path = Request_ExchangeUITests.xctest; sourceTree = BUILT_PRODUCTS_DIR; };
		5B838AC125CED80F0025DD10 /* Request_ExchangeUITests.swift */ = {isa = PBXFileReference; lastKnownFileType = sourcecode.swift; path = Request_ExchangeUITests.swift; sourceTree = "<group>"; };
		5B838AC325CED80F0025DD10 /* Info.plist */ = {isa = PBXFileReference; lastKnownFileType = text.plist.xml; path = Info.plist; sourceTree = "<group>"; };
		5B838AE325CED9080025DD10 /* Request.swift */ = {isa = PBXFileReference; lastKnownFileType = sourcecode.swift; path = Request.swift; sourceTree = "<group>"; };
		6965FF6D0774E76A28784EF7 /* Pods-Request_ExchangeTests.debug.xcconfig */ = {isa = PBXFileReference; includeInIndex = 1; lastKnownFileType = text.xcconfig; name = "Pods-Request_ExchangeTests.debug.xcconfig"; path = "Target Support Files/Pods-Request_ExchangeTests/Pods-Request_ExchangeTests.debug.xcconfig"; sourceTree = "<group>"; };
		9D7ABFFBA9711756B2E6F2AB /* Pods-Request_Exchange-Request_ExchangeUITests.debug.xcconfig */ = {isa = PBXFileReference; includeInIndex = 1; lastKnownFileType = text.xcconfig; name = "Pods-Request_Exchange-Request_ExchangeUITests.debug.xcconfig"; path = "Target Support Files/Pods-Request_Exchange-Request_ExchangeUITests/Pods-Request_Exchange-Request_ExchangeUITests.debug.xcconfig"; sourceTree = "<group>"; };
		BD5436AC485649D78C82B8CE /* Pods-Request_Exchange.release.xcconfig */ = {isa = PBXFileReference; includeInIndex = 1; lastKnownFileType = text.xcconfig; name = "Pods-Request_Exchange.release.xcconfig"; path = "Target Support Files/Pods-Request_Exchange/Pods-Request_Exchange.release.xcconfig"; sourceTree = "<group>"; };
		C9FDDB4DF1D71D2F7C9EC5E3 /* Pods-Request_Exchange-Request_ExchangeUITests.release.xcconfig */ = {isa = PBXFileReference; includeInIndex = 1; lastKnownFileType = text.xcconfig; name = "Pods-Request_Exchange-Request_ExchangeUITests.release.xcconfig"; path = "Target Support Files/Pods-Request_Exchange-Request_ExchangeUITests/Pods-Request_Exchange-Request_ExchangeUITests.release.xcconfig"; sourceTree = "<group>"; };
		DBAA8D07A0EB2380357D6BC4 /* Pods_Request_Exchange.framework */ = {isa = PBXFileReference; explicitFileType = wrapper.framework; includeInIndex = 0; path = Pods_Request_Exchange.framework; sourceTree = BUILT_PRODUCTS_DIR; };
		EA27194A54D602ADAB0580A3 /* Pods-Request_Exchange.debug.xcconfig */ = {isa = PBXFileReference; includeInIndex = 1; lastKnownFileType = text.xcconfig; name = "Pods-Request_Exchange.debug.xcconfig"; path = "Target Support Files/Pods-Request_Exchange/Pods-Request_Exchange.debug.xcconfig"; sourceTree = "<group>"; };
/* End PBXFileReference section */

/* Begin PBXFrameworksBuildPhase section */
		5B838A9925CED80E0025DD10 /* Frameworks */ = {
			isa = PBXFrameworksBuildPhase;
			buildActionMask = 2147483647;
			files = (
				A136FF0BC448EA2879238022 /* Pods_Request_Exchange.framework in Frameworks */,
			);
			runOnlyForDeploymentPostprocessing = 0;
		};
		5B838AAF25CED80F0025DD10 /* Frameworks */ = {
			isa = PBXFrameworksBuildPhase;
			buildActionMask = 2147483647;
			files = (
				EAB1CCB85304613FEB822811 /* Pods_Request_ExchangeTests.framework in Frameworks */,
			);
			runOnlyForDeploymentPostprocessing = 0;
		};
		5B838ABA25CED80F0025DD10 /* Frameworks */ = {
			isa = PBXFrameworksBuildPhase;
			buildActionMask = 2147483647;
			files = (
				013387E96112204F8302197F /* Pods_Request_Exchange_Request_ExchangeUITests.framework in Frameworks */,
			);
			runOnlyForDeploymentPostprocessing = 0;
		};
/* End PBXFrameworksBuildPhase section */

/* Begin PBXGroup section */
		0B34CE6A7907D358AA257B16 /* Frameworks */ = {
			isa = PBXGroup;
			children = (
				DBAA8D07A0EB2380357D6BC4 /* Pods_Request_Exchange.framework */,
				06C18CC28A287921FFF48E5D /* Pods_Request_Exchange_Request_ExchangeUITests.framework */,
				3879C2C218F5679CCF49C30F /* Pods_Request_ExchangeTests.framework */,
			);
			name = Frameworks;
			sourceTree = "<group>";
		};
		5B6FC58725CF90FB001E66B2 /* Etension */ = {
			isa = PBXGroup;
			children = (
				5B6FC58825CF910B001E66B2 /* UserDefault.swift */,
				5B6FC59025CF911A001E66B2 /* UserManager.swift */,
				5B6FC5A325CF947D001E66B2 /* Others.swift */,
			);
			path = Etension;
			sourceTree = "<group>";
		};
		5B6FC59525CF9402001E66B2 /* RequestV2 */ = {
			isa = PBXGroup;
			children = (
				5B6FC57F25CF738D001E66B2 /* RequestV2.swift */,
			);
			path = RequestV2;
			sourceTree = "<group>";
		};
		5B6FC5B825D04B13001E66B2 /* Decision */ = {
			isa = PBXGroup;
			children = (
				5B6FC5B925D04B24001E66B2 /* Decision.swift */,
			);
			path = Decision;
			sourceTree = "<group>";
		};
		5B6FC5C225D04B3A001E66B2 /* RequestV3 */ = {
			isa = PBXGroup;
			children = (
				5B6FC5B025D04A17001E66B2 /* RequestV3.swift */,
			);
			path = RequestV3;
			sourceTree = "<group>";
		};
		5B6FC5CC25D04B83001E66B2 /* RequestV1 */ = {
			isa = PBXGroup;
			children = (
				5B838AE325CED9080025DD10 /* Request.swift */,
			);
			path = RequestV1;
			sourceTree = "<group>";
		};
		5B838A9325CED80E0025DD10 = {
			isa = PBXGroup;
			children = (
				5B838A9E25CED80E0025DD10 /* Request_Exchange */,
				5B838AB525CED80F0025DD10 /* Request_ExchangeTests */,
				5B838AC025CED80F0025DD10 /* Request_ExchangeUITests */,
				5B838A9D25CED80E0025DD10 /* Products */,
				7C949091783A5DB8F8F1165C /* Pods */,
				0B34CE6A7907D358AA257B16 /* Frameworks */,
			);
			sourceTree = "<group>";
		};
		5B838A9D25CED80E0025DD10 /* Products */ = {
			isa = PBXGroup;
			children = (
				5B838A9C25CED80E0025DD10 /* Request_Exchange.app */,
				5B838AB225CED80F0025DD10 /* Request_ExchangeTests.xctest */,
				5B838ABD25CED80F0025DD10 /* Request_ExchangeUITests.xctest */,
			);
			name = Products;
			sourceTree = "<group>";
		};
		5B838A9E25CED80E0025DD10 /* Request_Exchange */ = {
			isa = PBXGroup;
			children = (
				5B6FC58725CF90FB001E66B2 /* Etension */,
				5B838AE225CED8F30025DD10 /* URLTest */,
				5B838A9F25CED80E0025DD10 /* AppDelegate.swift */,
				5B838AA125CED80E0025DD10 /* SceneDelegate.swift */,
				5B838AA325CED80E0025DD10 /* ViewController.swift */,
				5B838AA525CED80E0025DD10 /* Main.storyboard */,
				5B838AA825CED80F0025DD10 /* Assets.xcassets */,
				5B838AAA25CED80F0025DD10 /* LaunchScreen.storyboard */,
				5B838AAD25CED80F0025DD10 /* Info.plist */,
			);
			path = Request_Exchange;
			sourceTree = "<group>";
		};
		5B838AB525CED80F0025DD10 /* Request_ExchangeTests */ = {
			isa = PBXGroup;
			children = (
				5B838AB625CED80F0025DD10 /* Request_ExchangeTests.swift */,
				5B838AB825CED80F0025DD10 /* Info.plist */,
			);
			path = Request_ExchangeTests;
			sourceTree = "<group>";
		};
		5B838AC025CED80F0025DD10 /* Request_ExchangeUITests */ = {
			isa = PBXGroup;
			children = (
				5B838AC125CED80F0025DD10 /* Request_ExchangeUITests.swift */,
				5B838AC325CED80F0025DD10 /* Info.plist */,
			);
			path = Request_ExchangeUITests;
			sourceTree = "<group>";
		};
		5B838AE225CED8F30025DD10 /* URLTest */ = {
			isa = PBXGroup;
			children = (
				5B6FC5B825D04B13001E66B2 /* Decision */,
				5B6FC5CC25D04B83001E66B2 /* RequestV1 */,
				5B6FC59525CF9402001E66B2 /* RequestV2 */,
				5B6FC5C225D04B3A001E66B2 /* RequestV3 */,
				5B6FC59E25CF944A001E66B2 /* APIManager.swift */,
				5B6FC59625CF941B001E66B2 /* ContentType.swift */,
				5B6FC5A825D02F2C001E66B2 /* CostcoAPIEngineV2.swift */,
			);
			path = URLTest;
			sourceTree = "<group>";
		};
		7C949091783A5DB8F8F1165C /* Pods */ = {
			isa = PBXGroup;
			children = (
				EA27194A54D602ADAB0580A3 /* Pods-Request_Exchange.debug.xcconfig */,
				BD5436AC485649D78C82B8CE /* Pods-Request_Exchange.release.xcconfig */,
				9D7ABFFBA9711756B2E6F2AB /* Pods-Request_Exchange-Request_ExchangeUITests.debug.xcconfig */,
				C9FDDB4DF1D71D2F7C9EC5E3 /* Pods-Request_Exchange-Request_ExchangeUITests.release.xcconfig */,
				6965FF6D0774E76A28784EF7 /* Pods-Request_ExchangeTests.debug.xcconfig */,
				489AD4402D07D9C4A1D39510 /* Pods-Request_ExchangeTests.release.xcconfig */,
			);
			path = Pods;
			sourceTree = "<group>";
		};
/* End PBXGroup section */

/* Begin PBXNativeTarget section */
		5B838A9B25CED80E0025DD10 /* Request_Exchange */ = {
			isa = PBXNativeTarget;
			buildConfigurationList = 5B838AC625CED80F0025DD10 /* Build configuration list for PBXNativeTarget "Request_Exchange" */;
			buildPhases = (
				608A98C58CE7891E66F4D1D3 /* [CP] Check Pods Manifest.lock */,
				5B838A9825CED80E0025DD10 /* Sources */,
				5B838A9925CED80E0025DD10 /* Frameworks */,
				5B838A9A25CED80E0025DD10 /* Resources */,
				C5A59127E65F084DA7C0FFD2 /* [CP] Embed Pods Frameworks */,
			);
			buildRules = (
			);
			dependencies = (
			);
			name = Request_Exchange;
			productName = Request_Exchange;
			productReference = 5B838A9C25CED80E0025DD10 /* Request_Exchange.app */;
			productType = "com.apple.product-type.application";
		};
		5B838AB125CED80F0025DD10 /* Request_ExchangeTests */ = {
			isa = PBXNativeTarget;
			buildConfigurationList = 5B838AC925CED80F0025DD10 /* Build configuration list for PBXNativeTarget "Request_ExchangeTests" */;
			buildPhases = (
				6CB271FAC14E91A1621F3A61 /* [CP] Check Pods Manifest.lock */,
				5B838AAE25CED80F0025DD10 /* Sources */,
				5B838AAF25CED80F0025DD10 /* Frameworks */,
				5B838AB025CED80F0025DD10 /* Resources */,
			);
			buildRules = (
			);
			dependencies = (
				5B838AB425CED80F0025DD10 /* PBXTargetDependency */,
			);
			name = Request_ExchangeTests;
			productName = Request_ExchangeTests;
			productReference = 5B838AB225CED80F0025DD10 /* Request_ExchangeTests.xctest */;
			productType = "com.apple.product-type.bundle.unit-test";
		};
		5B838ABC25CED80F0025DD10 /* Request_ExchangeUITests */ = {
			isa = PBXNativeTarget;
			buildConfigurationList = 5B838ACC25CED80F0025DD10 /* Build configuration list for PBXNativeTarget "Request_ExchangeUITests" */;
			buildPhases = (
				9AD3B7C15663D568C96E05FD /* [CP] Check Pods Manifest.lock */,
				5B838AB925CED80F0025DD10 /* Sources */,
				5B838ABA25CED80F0025DD10 /* Frameworks */,
				5B838ABB25CED80F0025DD10 /* Resources */,
				83A708A0187E04ED936CFAF0 /* [CP] Embed Pods Frameworks */,
			);
			buildRules = (
			);
			dependencies = (
				5B838ABF25CED80F0025DD10 /* PBXTargetDependency */,
			);
			name = Request_ExchangeUITests;
			productName = Request_ExchangeUITests;
			productReference = 5B838ABD25CED80F0025DD10 /* Request_ExchangeUITests.xctest */;
			productType = "com.apple.product-type.bundle.ui-testing";
		};
/* End PBXNativeTarget section */

/* Begin PBXProject section */
		5B838A9425CED80E0025DD10 /* Project object */ = {
			isa = PBXProject;
			attributes = {
				LastSwiftUpdateCheck = 1230;
				LastUpgradeCheck = 1230;
				TargetAttributes = {
					5B838A9B25CED80E0025DD10 = {
						CreatedOnToolsVersion = 12.3;
					};
					5B838AB125CED80F0025DD10 = {
						CreatedOnToolsVersion = 12.3;
						TestTargetID = 5B838A9B25CED80E0025DD10;
					};
					5B838ABC25CED80F0025DD10 = {
						CreatedOnToolsVersion = 12.3;
						TestTargetID = 5B838A9B25CED80E0025DD10;
					};
				};
			};
			buildConfigurationList = 5B838A9725CED80E0025DD10 /* Build configuration list for PBXProject "Request_Exchange" */;
			compatibilityVersion = "Xcode 9.3";
			developmentRegion = en;
			hasScannedForEncodings = 0;
			knownRegions = (
				en,
				Base,
			);
			mainGroup = 5B838A9325CED80E0025DD10;
			productRefGroup = 5B838A9D25CED80E0025DD10 /* Products */;
			projectDirPath = "";
			projectRoot = "";
			targets = (
				5B838A9B25CED80E0025DD10 /* Request_Exchange */,
				5B838AB125CED80F0025DD10 /* Request_ExchangeTests */,
				5B838ABC25CED80F0025DD10 /* Request_ExchangeUITests */,
			);
		};
/* End PBXProject section */

/* Begin PBXResourcesBuildPhase section */
		5B838A9A25CED80E0025DD10 /* Resources */ = {
			isa = PBXResourcesBuildPhase;
			buildActionMask = 2147483647;
			files = (
				5B838AAC25CED80F0025DD10 /* LaunchScreen.storyboard in Resources */,
				5B838AA925CED80F0025DD10 /* Assets.xcassets in Resources */,
				5B838AA725CED80E0025DD10 /* Main.storyboard in Resources */,
			);
			runOnlyForDeploymentPostprocessing = 0;
		};
		5B838AB025CED80F0025DD10 /* Resources */ = {
			isa = PBXResourcesBuildPhase;
			buildActionMask = 2147483647;
			files = (
			);
			runOnlyForDeploymentPostprocessing = 0;
		};
		5B838ABB25CED80F0025DD10 /* Resources */ = {
			isa = PBXResourcesBuildPhase;
			buildActionMask = 2147483647;
			files = (
			);
			runOnlyForDeploymentPostprocessing = 0;
		};
/* End PBXResourcesBuildPhase section */

/* Begin PBXShellScriptBuildPhase section */
		608A98C58CE7891E66F4D1D3 /* [CP] Check Pods Manifest.lock */ = {
			isa = PBXShellScriptBuildPhase;
			buildActionMask = 2147483647;
			files = (
			);
			inputFileListPaths = (
			);
			inputPaths = (
				"${PODS_PODFILE_DIR_PATH}/Podfile.lock",
				"${PODS_ROOT}/Manifest.lock",
			);
			name = "[CP] Check Pods Manifest.lock";
			outputFileListPaths = (
			);
			outputPaths = (
				"$(DERIVED_FILE_DIR)/Pods-Request_Exchange-checkManifestLockResult.txt",
			);
			runOnlyForDeploymentPostprocessing = 0;
			shellPath = /bin/sh;
			shellScript = "diff \"${PODS_PODFILE_DIR_PATH}/Podfile.lock\" \"${PODS_ROOT}/Manifest.lock\" > /dev/null\nif [ $? != 0 ] ; then\n    # print error to STDERR\n    echo \"error: The sandbox is not in sync with the Podfile.lock. Run 'pod install' or update your CocoaPods installation.\" >&2\n    exit 1\nfi\n# This output is used by Xcode 'outputs' to avoid re-running this script phase.\necho \"SUCCESS\" > \"${SCRIPT_OUTPUT_FILE_0}\"\n";
			showEnvVarsInLog = 0;
		};
		6CB271FAC14E91A1621F3A61 /* [CP] Check Pods Manifest.lock */ = {
			isa = PBXShellScriptBuildPhase;
			buildActionMask = 2147483647;
			files = (
			);
			inputFileListPaths = (
			);
			inputPaths = (
				"${PODS_PODFILE_DIR_PATH}/Podfile.lock",
				"${PODS_ROOT}/Manifest.lock",
			);
			name = "[CP] Check Pods Manifest.lock";
			outputFileListPaths = (
			);
			outputPaths = (
				"$(DERIVED_FILE_DIR)/Pods-Request_ExchangeTests-checkManifestLockResult.txt",
			);
			runOnlyForDeploymentPostprocessing = 0;
			shellPath = /bin/sh;
			shellScript = "diff \"${PODS_PODFILE_DIR_PATH}/Podfile.lock\" \"${PODS_ROOT}/Manifest.lock\" > /dev/null\nif [ $? != 0 ] ; then\n    # print error to STDERR\n    echo \"error: The sandbox is not in sync with the Podfile.lock. Run 'pod install' or update your CocoaPods installation.\" >&2\n    exit 1\nfi\n# This output is used by Xcode 'outputs' to avoid re-running this script phase.\necho \"SUCCESS\" > \"${SCRIPT_OUTPUT_FILE_0}\"\n";
			showEnvVarsInLog = 0;
		};
		83A708A0187E04ED936CFAF0 /* [CP] Embed Pods Frameworks */ = {
			isa = PBXShellScriptBuildPhase;
			buildActionMask = 2147483647;
			files = (
			);
			inputFileListPaths = (
				"${PODS_ROOT}/Target Support Files/Pods-Request_Exchange-Request_ExchangeUITests/Pods-Request_Exchange-Request_ExchangeUITests-frameworks-${CONFIGURATION}-input-files.xcfilelist",
			);
			name = "[CP] Embed Pods Frameworks";
			outputFileListPaths = (
				"${PODS_ROOT}/Target Support Files/Pods-Request_Exchange-Request_ExchangeUITests/Pods-Request_Exchange-Request_ExchangeUITests-frameworks-${CONFIGURATION}-output-files.xcfilelist",
			);
			runOnlyForDeploymentPostprocessing = 0;
			shellPath = /bin/sh;
			shellScript = "\"${PODS_ROOT}/Target Support Files/Pods-Request_Exchange-Request_ExchangeUITests/Pods-Request_Exchange-Request_ExchangeUITests-frameworks.sh\"\n";
			showEnvVarsInLog = 0;
		};
		9AD3B7C15663D568C96E05FD /* [CP] Check Pods Manifest.lock */ = {
			isa = PBXShellScriptBuildPhase;
			buildActionMask = 2147483647;
			files = (
			);
			inputFileListPaths = (
			);
			inputPaths = (
				"${PODS_PODFILE_DIR_PATH}/Podfile.lock",
				"${PODS_ROOT}/Manifest.lock",
			);
			name = "[CP] Check Pods Manifest.lock";
			outputFileListPaths = (
			);
			outputPaths = (
				"$(DERIVED_FILE_DIR)/Pods-Request_Exchange-Request_ExchangeUITests-checkManifestLockResult.txt",
			);
			runOnlyForDeploymentPostprocessing = 0;
			shellPath = /bin/sh;
			shellScript = "diff \"${PODS_PODFILE_DIR_PATH}/Podfile.lock\" \"${PODS_ROOT}/Manifest.lock\" > /dev/null\nif [ $? != 0 ] ; then\n    # print error to STDERR\n    echo \"error: The sandbox is not in sync with the Podfile.lock. Run 'pod install' or update your CocoaPods installation.\" >&2\n    exit 1\nfi\n# This output is used by Xcode 'outputs' to avoid re-running this script phase.\necho \"SUCCESS\" > \"${SCRIPT_OUTPUT_FILE_0}\"\n";
			showEnvVarsInLog = 0;
		};
		C5A59127E65F084DA7C0FFD2 /* [CP] Embed Pods Frameworks */ = {
			isa = PBXShellScriptBuildPhase;
			buildActionMask = 2147483647;
			files = (
			);
			inputFileListPaths = (
				"${PODS_ROOT}/Target Support Files/Pods-Request_Exchange/Pods-Request_Exchange-frameworks-${CONFIGURATION}-input-files.xcfilelist",
			);
			name = "[CP] Embed Pods Frameworks";
			outputFileListPaths = (
				"${PODS_ROOT}/Target Support Files/Pods-Request_Exchange/Pods-Request_Exchange-frameworks-${CONFIGURATION}-output-files.xcfilelist",
			);
			runOnlyForDeploymentPostprocessing = 0;
			shellPath = /bin/sh;
			shellScript = "\"${PODS_ROOT}/Target Support Files/Pods-Request_Exchange/Pods-Request_Exchange-frameworks.sh\"\n";
			showEnvVarsInLog = 0;
		};
/* End PBXShellScriptBuildPhase section */

/* Begin PBXSourcesBuildPhase section */
		5B838A9825CED80E0025DD10 /* Sources */ = {
			isa = PBXSourcesBuildPhase;
			buildActionMask = 2147483647;
			files = (
				5B6FC5A425CF947D001E66B2 /* Others.swift in Sources */,
				5B838AA425CED80E0025DD10 /* ViewController.swift in Sources */,
				5B6FC58925CF910B001E66B2 /* UserDefault.swift in Sources */,
				5B6FC5A925D02F2C001E66B2 /* CostcoAPIEngineV2.swift in Sources */,
				5B6FC5B125D04A17001E66B2 /* RequestV3.swift in Sources */,
				5B838AE425CED9080025DD10 /* Request.swift in Sources */,
				5B838AA025CED80E0025DD10 /* AppDelegate.swift in Sources */,
				5B838AA225CED80E0025DD10 /* SceneDelegate.swift in Sources */,
				5B6FC5BA25D04B24001E66B2 /* Decision.swift in Sources */,
				5B6FC59F25CF944A001E66B2 /* APIManager.swift in Sources */,
				5B6FC59125CF911A001E66B2 /* UserManager.swift in Sources */,
				5B6FC58025CF738D001E66B2 /* RequestV2.swift in Sources */,
				5B6FC59725CF941B001E66B2 /* ContentType.swift in Sources */,
			);
			runOnlyForDeploymentPostprocessing = 0;
		};
		5B838AAE25CED80F0025DD10 /* Sources */ = {
			isa = PBXSourcesBuildPhase;
			buildActionMask = 2147483647;
			files = (
				5B838AB725CED80F0025DD10 /* Request_ExchangeTests.swift in Sources */,
			);
			runOnlyForDeploymentPostprocessing = 0;
		};
		5B838AB925CED80F0025DD10 /* Sources */ = {
			isa = PBXSourcesBuildPhase;
			buildActionMask = 2147483647;
			files = (
				5B838AC225CED80F0025DD10 /* Request_ExchangeUITests.swift in Sources */,
			);
			runOnlyForDeploymentPostprocessing = 0;
		};
/* End PBXSourcesBuildPhase section */

/* Begin PBXTargetDependency section */
		5B838AB425CED80F0025DD10 /* PBXTargetDependency */ = {
			isa = PBXTargetDependency;
			target = 5B838A9B25CED80E0025DD10 /* Request_Exchange */;
			targetProxy = 5B838AB325CED80F0025DD10 /* PBXContainerItemProxy */;
		};
		5B838ABF25CED80F0025DD10 /* PBXTargetDependency */ = {
			isa = PBXTargetDependency;
			target = 5B838A9B25CED80E0025DD10 /* Request_Exchange */;
			targetProxy = 5B838ABE25CED80F0025DD10 /* PBXContainerItemProxy */;
		};
/* End PBXTargetDependency section */

/* Begin PBXVariantGroup section */
		5B838AA525CED80E0025DD10 /* Main.storyboard */ = {
			isa = PBXVariantGroup;
			children = (
				5B838AA625CED80E0025DD10 /* Base */,
			);
			name = Main.storyboard;
			sourceTree = "<group>";
		};
		5B838AAA25CED80F0025DD10 /* LaunchScreen.storyboard */ = {
			isa = PBXVariantGroup;
			children = (
				5B838AAB25CED80F0025DD10 /* Base */,
			);
			name = LaunchScreen.storyboard;
			sourceTree = "<group>";
		};
/* End PBXVariantGroup section */

/* Begin XCBuildConfiguration section */
		5B838AC425CED80F0025DD10 /* Debug */ = {
			isa = XCBuildConfiguration;
			buildSettings = {
				ALWAYS_SEARCH_USER_PATHS = NO;
				CLANG_ANALYZER_NONNULL = YES;
				CLANG_ANALYZER_NUMBER_OBJECT_CONVERSION = YES_AGGRESSIVE;
				CLANG_CXX_LANGUAGE_STANDARD = "gnu++14";
				CLANG_CXX_LIBRARY = "libc++";
				CLANG_ENABLE_MODULES = YES;
				CLANG_ENABLE_OBJC_ARC = YES;
				CLANG_ENABLE_OBJC_WEAK = YES;
				CLANG_WARN_BLOCK_CAPTURE_AUTORELEASING = YES;
				CLANG_WARN_BOOL_CONVERSION = YES;
				CLANG_WARN_COMMA = YES;
				CLANG_WARN_CONSTANT_CONVERSION = YES;
				CLANG_WARN_DEPRECATED_OBJC_IMPLEMENTATIONS = YES;
				CLANG_WARN_DIRECT_OBJC_ISA_USAGE = YES_ERROR;
				CLANG_WARN_DOCUMENTATION_COMMENTS = YES;
				CLANG_WARN_EMPTY_BODY = YES;
				CLANG_WARN_ENUM_CONVERSION = YES;
				CLANG_WARN_INFINITE_RECURSION = YES;
				CLANG_WARN_INT_CONVERSION = YES;
				CLANG_WARN_NON_LITERAL_NULL_CONVERSION = YES;
				CLANG_WARN_OBJC_IMPLICIT_RETAIN_SELF = YES;
				CLANG_WARN_OBJC_LITERAL_CONVERSION = YES;
				CLANG_WARN_OBJC_ROOT_CLASS = YES_ERROR;
				CLANG_WARN_QUOTED_INCLUDE_IN_FRAMEWORK_HEADER = YES;
				CLANG_WARN_RANGE_LOOP_ANALYSIS = YES;
				CLANG_WARN_STRICT_PROTOTYPES = YES;
				CLANG_WARN_SUSPICIOUS_MOVE = YES;
				CLANG_WARN_UNGUARDED_AVAILABILITY = YES_AGGRESSIVE;
				CLANG_WARN_UNREACHABLE_CODE = YES;
				CLANG_WARN__DUPLICATE_METHOD_MATCH = YES;
				COPY_PHASE_STRIP = NO;
				DEBUG_INFORMATION_FORMAT = dwarf;
				ENABLE_STRICT_OBJC_MSGSEND = YES;
				ENABLE_TESTABILITY = YES;
				GCC_C_LANGUAGE_STANDARD = gnu11;
				GCC_DYNAMIC_NO_PIC = NO;
				GCC_NO_COMMON_BLOCKS = YES;
				GCC_OPTIMIZATION_LEVEL = 0;
				GCC_PREPROCESSOR_DEFINITIONS = (
					"DEBUG=1",
					"$(inherited)",
				);
				GCC_WARN_64_TO_32_BIT_CONVERSION = YES;
				GCC_WARN_ABOUT_RETURN_TYPE = YES_ERROR;
				GCC_WARN_UNDECLARED_SELECTOR = YES;
				GCC_WARN_UNINITIALIZED_AUTOS = YES_AGGRESSIVE;
				GCC_WARN_UNUSED_FUNCTION = YES;
				GCC_WARN_UNUSED_VARIABLE = YES;
				IPHONEOS_DEPLOYMENT_TARGET = 14.3;
				MTL_ENABLE_DEBUG_INFO = INCLUDE_SOURCE;
				MTL_FAST_MATH = YES;
				ONLY_ACTIVE_ARCH = YES;
				SDKROOT = iphoneos;
				SWIFT_ACTIVE_COMPILATION_CONDITIONS = DEBUG;
				SWIFT_OPTIMIZATION_LEVEL = "-Onone";
			};
			name = Debug;
		};
		5B838AC525CED80F0025DD10 /* Release */ = {
			isa = XCBuildConfiguration;
			buildSettings = {
				ALWAYS_SEARCH_USER_PATHS = NO;
				CLANG_ANALYZER_NONNULL = YES;
				CLANG_ANALYZER_NUMBER_OBJECT_CONVERSION = YES_AGGRESSIVE;
				CLANG_CXX_LANGUAGE_STANDARD = "gnu++14";
				CLANG_CXX_LIBRARY = "libc++";
				CLANG_ENABLE_MODULES = YES;
				CLANG_ENABLE_OBJC_ARC = YES;
				CLANG_ENABLE_OBJC_WEAK = YES;
				CLANG_WARN_BLOCK_CAPTURE_AUTORELEASING = YES;
				CLANG_WARN_BOOL_CONVERSION = YES;
				CLANG_WARN_COMMA = YES;
				CLANG_WARN_CONSTANT_CONVERSION = YES;
				CLANG_WARN_DEPRECATED_OBJC_IMPLEMENTATIONS = YES;
				CLANG_WARN_DIRECT_OBJC_ISA_USAGE = YES_ERROR;
				CLANG_WARN_DOCUMENTATION_COMMENTS = YES;
				CLANG_WARN_EMPTY_BODY = YES;
				CLANG_WARN_ENUM_CONVERSION = YES;
				CLANG_WARN_INFINITE_RECURSION = YES;
				CLANG_WARN_INT_CONVERSION = YES;
				CLANG_WARN_NON_LITERAL_NULL_CONVERSION = YES;
				CLANG_WARN_OBJC_IMPLICIT_RETAIN_SELF = YES;
				CLANG_WARN_OBJC_LITERAL_CONVERSION = YES;
				CLANG_WARN_OBJC_ROOT_CLASS = YES_ERROR;
				CLANG_WARN_QUOTED_INCLUDE_IN_FRAMEWORK_HEADER = YES;
				CLANG_WARN_RANGE_LOOP_ANALYSIS = YES;
				CLANG_WARN_STRICT_PROTOTYPES = YES;
				CLANG_WARN_SUSPICIOUS_MOVE = YES;
				CLANG_WARN_UNGUARDED_AVAILABILITY = YES_AGGRESSIVE;
				CLANG_WARN_UNREACHABLE_CODE = YES;
				CLANG_WARN__DUPLICATE_METHOD_MATCH = YES;
				COPY_PHASE_STRIP = NO;
				DEBUG_INFORMATION_FORMAT = "dwarf-with-dsym";
				ENABLE_NS_ASSERTIONS = NO;
				ENABLE_STRICT_OBJC_MSGSEND = YES;
				GCC_C_LANGUAGE_STANDARD = gnu11;
				GCC_NO_COMMON_BLOCKS = YES;
				GCC_WARN_64_TO_32_BIT_CONVERSION = YES;
				GCC_WARN_ABOUT_RETURN_TYPE = YES_ERROR;
				GCC_WARN_UNDECLARED_SELECTOR = YES;
				GCC_WARN_UNINITIALIZED_AUTOS = YES_AGGRESSIVE;
				GCC_WARN_UNUSED_FUNCTION = YES;
				GCC_WARN_UNUSED_VARIABLE = YES;
				IPHONEOS_DEPLOYMENT_TARGET = 14.3;
				MTL_ENABLE_DEBUG_INFO = NO;
				MTL_FAST_MATH = YES;
				SDKROOT = iphoneos;
				SWIFT_COMPILATION_MODE = wholemodule;
				SWIFT_OPTIMIZATION_LEVEL = "-O";
				VALIDATE_PRODUCT = YES;
			};
			name = Release;
		};
		5B838AC725CED80F0025DD10 /* Debug */ = {
			isa = XCBuildConfiguration;
			baseConfigurationReference = EA27194A54D602ADAB0580A3 /* Pods-Request_Exchange.debug.xcconfig */;
			buildSettings = {
				ASSETCATALOG_COMPILER_APPICON_NAME = AppIcon;
				ASSETCATALOG_COMPILER_GLOBAL_ACCENT_COLOR_NAME = AccentColor;
				CODE_SIGN_STYLE = Automatic;
				DEVELOPMENT_TEAM = HMB28F9R4H;
				INFOPLIST_FILE = Request_Exchange/Info.plist;
				LD_RUNPATH_SEARCH_PATHS = (
					"$(inherited)",
					"@executable_path/Frameworks",
				);
				PRODUCT_BUNDLE_IDENTIFIER = "woodycode.Request-Exchange";
				PRODUCT_NAME = "$(TARGET_NAME)";
				SWIFT_VERSION = 5.0;
				TARGETED_DEVICE_FAMILY = "1,2";
			};
			name = Debug;
		};
		5B838AC825CED80F0025DD10 /* Release */ = {
			isa = XCBuildConfiguration;
			baseConfigurationReference = BD5436AC485649D78C82B8CE /* Pods-Request_Exchange.release.xcconfig */;
			buildSettings = {
				ASSETCATALOG_COMPILER_APPICON_NAME = AppIcon;
				ASSETCATALOG_COMPILER_GLOBAL_ACCENT_COLOR_NAME = AccentColor;
				CODE_SIGN_STYLE = Automatic;
				DEVELOPMENT_TEAM = HMB28F9R4H;
				INFOPLIST_FILE = Request_Exchange/Info.plist;
				LD_RUNPATH_SEARCH_PATHS = (
					"$(inherited)",
					"@executable_path/Frameworks",
				);
				PRODUCT_BUNDLE_IDENTIFIER = "woodycode.Request-Exchange";
				PRODUCT_NAME = "$(TARGET_NAME)";
				SWIFT_VERSION = 5.0;
				TARGETED_DEVICE_FAMILY = "1,2";
			};
			name = Release;
		};
		5B838ACA25CED80F0025DD10 /* Debug */ = {
			isa = XCBuildConfiguration;
			baseConfigurationReference = 6965FF6D0774E76A28784EF7 /* Pods-Request_ExchangeTests.debug.xcconfig */;
			buildSettings = {
				ALWAYS_EMBED_SWIFT_STANDARD_LIBRARIES = YES;
				BUNDLE_LOADER = "$(TEST_HOST)";
				CODE_SIGN_STYLE = Automatic;
				DEVELOPMENT_TEAM = HMB28F9R4H;
				INFOPLIST_FILE = Request_ExchangeTests/Info.plist;
				IPHONEOS_DEPLOYMENT_TARGET = 14.3;
				LD_RUNPATH_SEARCH_PATHS = (
					"$(inherited)",
					"@executable_path/Frameworks",
					"@loader_path/Frameworks",
				);
				PRODUCT_BUNDLE_IDENTIFIER = "woodycode.Request-ExchangeTests";
				PRODUCT_NAME = "$(TARGET_NAME)";
				SWIFT_VERSION = 5.0;
				TARGETED_DEVICE_FAMILY = "1,2";
				TEST_HOST = "$(BUILT_PRODUCTS_DIR)/Request_Exchange.app/Request_Exchange";
			};
			name = Debug;
		};
		5B838ACB25CED80F0025DD10 /* Release */ = {
			isa = XCBuildConfiguration;
			baseConfigurationReference = 489AD4402D07D9C4A1D39510 /* Pods-Request_ExchangeTests.release.xcconfig */;
			buildSettings = {
				ALWAYS_EMBED_SWIFT_STANDARD_LIBRARIES = YES;
				BUNDLE_LOADER = "$(TEST_HOST)";
				CODE_SIGN_STYLE = Automatic;
				DEVELOPMENT_TEAM = HMB28F9R4H;
				INFOPLIST_FILE = Request_ExchangeTests/Info.plist;
				IPHONEOS_DEPLOYMENT_TARGET = 14.3;
				LD_RUNPATH_SEARCH_PATHS = (
					"$(inherited)",
					"@executable_path/Frameworks",
					"@loader_path/Frameworks",
				);
				PRODUCT_BUNDLE_IDENTIFIER = "woodycode.Request-ExchangeTests";
				PRODUCT_NAME = "$(TARGET_NAME)";
				SWIFT_VERSION = 5.0;
				TARGETED_DEVICE_FAMILY = "1,2";
				TEST_HOST = "$(BUILT_PRODUCTS_DIR)/Request_Exchange.app/Request_Exchange";
			};
			name = Release;
		};
		5B838ACD25CED80F0025DD10 /* Debug */ = {
			isa = XCBuildConfiguration;
			baseConfigurationReference = 9D7ABFFBA9711756B2E6F2AB /* Pods-Request_Exchange-Request_ExchangeUITests.debug.xcconfig */;
			buildSettings = {
				ALWAYS_EMBED_SWIFT_STANDARD_LIBRARIES = YES;
				CODE_SIGN_STYLE = Automatic;
				DEVELOPMENT_TEAM = HMB28F9R4H;
				INFOPLIST_FILE = Request_ExchangeUITests/Info.plist;
				LD_RUNPATH_SEARCH_PATHS = (
					"$(inherited)",
					"@executable_path/Frameworks",
					"@loader_path/Frameworks",
				);
				PRODUCT_BUNDLE_IDENTIFIER = "woodycode.Request-ExchangeUITests";
				PRODUCT_NAME = "$(TARGET_NAME)";
				SWIFT_VERSION = 5.0;
				TARGETED_DEVICE_FAMILY = "1,2";
				TEST_TARGET_NAME = Request_Exchange;
			};
			name = Debug;
		};
		5B838ACE25CED80F0025DD10 /* Release */ = {
			isa = XCBuildConfiguration;
			baseConfigurationReference = C9FDDB4DF1D71D2F7C9EC5E3 /* Pods-Request_Exchange-Request_ExchangeUITests.release.xcconfig */;
			buildSettings = {
				ALWAYS_EMBED_SWIFT_STANDARD_LIBRARIES = YES;
				CODE_SIGN_STYLE = Automatic;
				DEVELOPMENT_TEAM = HMB28F9R4H;
				INFOPLIST_FILE = Request_ExchangeUITests/Info.plist;
				LD_RUNPATH_SEARCH_PATHS = (
					"$(inherited)",
					"@executable_path/Frameworks",
					"@loader_path/Frameworks",
				);
				PRODUCT_BUNDLE_IDENTIFIER = "woodycode.Request-ExchangeUITests";
				PRODUCT_NAME = "$(TARGET_NAME)";
				SWIFT_VERSION = 5.0;
				TARGETED_DEVICE_FAMILY = "1,2";
				TEST_TARGET_NAME = Request_Exchange;
			};
			name = Release;
		};
/* End XCBuildConfiguration section */

/* Begin XCConfigurationList section */
		5B838A9725CED80E0025DD10 /* Build configuration list for PBXProject "Request_Exchange" */ = {
			isa = XCConfigurationList;
			buildConfigurations = (
				5B838AC425CED80F0025DD10 /* Debug */,
				5B838AC525CED80F0025DD10 /* Release */,
			);
			defaultConfigurationIsVisible = 0;
			defaultConfigurationName = Release;
		};
		5B838AC625CED80F0025DD10 /* Build configuration list for PBXNativeTarget "Request_Exchange" */ = {
			isa = XCConfigurationList;
			buildConfigurations = (
				5B838AC725CED80F0025DD10 /* Debug */,
				5B838AC825CED80F0025DD10 /* Release */,
			);
			defaultConfigurationIsVisible = 0;
			defaultConfigurationName = Release;
		};
		5B838AC925CED80F0025DD10 /* Build configuration list for PBXNativeTarget "Request_ExchangeTests" */ = {
			isa = XCConfigurationList;
			buildConfigurations = (
				5B838ACA25CED80F0025DD10 /* Debug */,
				5B838ACB25CED80F0025DD10 /* Release */,
			);
			defaultConfigurationIsVisible = 0;
			defaultConfigurationName = Release;
		};
		5B838ACC25CED80F0025DD10 /* Build configuration list for PBXNativeTarget "Request_ExchangeUITests" */ = {
			isa = XCConfigurationList;
			buildConfigurations = (
				5B838ACD25CED80F0025DD10 /* Debug */,
				5B838ACE25CED80F0025DD10 /* Release */,
			);
			defaultConfigurationIsVisible = 0;
			defaultConfigurationName = Release;
		};
/* End XCConfigurationList section */
	};
	rootObject = 5B838A9425CED80E0025DD10 /* Project object */;
}
